
Microsoft Visual Studio Solution File, Format Version 12.00
# Visual Studio Version 16
VisualStudioVersion = 16.0.31613.86
MinimumVisualStudioVersion = 10.0.40219.1
Project("{FAE04EC0-301F-11D3-BF4B-00C04F79EFBC}") = "Week_11_Homework", "Week_11_Homework\Week_11_Homework.csproj", "{EDAC866C-1F3E-479D-B47D-663AAAC1D4C1}"
EndProject
Global
	GlobalSection(SolutionConfigurationPlatforms) = preSolution
		Debug|Any CPU = Debug|Any CPU
		Release|Any CPU = Release|Any CPU
	EndGlobalSection
	GlobalSection(ProjectConfigurationPlatforms) = postSolution
		{EDAC866C-1F3E-479D-B47D-663AAAC1D4C1}.Debug|Any CPU.ActiveCfg = Debug|Any CPU
		{EDAC866C-1F3E-479D-B47D-663AAAC1D4C1}.Debug|Any CPU.Build.0 = Debug|Any CPU
		{EDAC866C-1F3E-479D-B47D-663AAAC1D4C1}.Release|Any CPU.ActiveCfg = Release|Any CPU
		{EDAC866C-1F3E-479D-B47D-663AAAC1D4C1}.Release|Any CPU.Build.0 = Release|Any CPU
	EndGlobalSection
	GlobalSection(SolutionProperties) = preSolution
		HideSolutionNode = FALSE
	EndGlobalSection
	GlobalSection(ExtensibilityGlobals) = postSolution
		SolutionGuid = {E3B04C29-8095-4FA6-8DCD-894EEFB518C4}
	EndGlobalSection
EndGlobal
